
Microsoft Visual Studio Solution File, Format Version 12.00
# Visual Studio Version 17
VisualStudioVersion = 17.13.35919.96 d17.13
MinimumVisualStudioVersion = 10.0.40219.1
Project("{FAE04EC0-301F-11D3-BF4B-00C04F79EFBC}") = "NetPC_zadanie", "NetPC_zadanie\NetPC_zadanie.csproj", "{8B69B578-C321-430B-B727-9D942C645E67}"
EndProject
Global
	GlobalSection(SolutionConfigurationPlatforms) = preSolution
		Debug|Any CPU = Debug|Any CPU
		Release|Any CPU = Release|Any CPU
	EndGlobalSection
	GlobalSection(ProjectConfigurationPlatforms) = postSolution
		{8B69B578-C321-430B-B727-9D942C645E67}.Debug|Any CPU.ActiveCfg = Debug|Any CPU
		{8B69B578-C321-430B-B727-9D942C645E67}.Debug|Any CPU.Build.0 = Debug|Any CPU
		{8B69B578-C321-430B-B727-9D942C645E67}.Release|Any CPU.ActiveCfg = Release|Any CPU
		{8B69B578-C321-430B-B727-9D942C645E67}.Release|Any CPU.Build.0 = Release|Any CPU
	EndGlobalSection
	GlobalSection(SolutionProperties) = preSolution
		HideSolutionNode = FALSE
	EndGlobalSection
	GlobalSection(ExtensibilityGlobals) = postSolution
		SolutionGuid = {7DB45537-3526-46C6-B336-7FB758A854C9}
	EndGlobalSection
EndGlobal
